
Microsoft Visual Studio Solution File, Format Version 12.00
# Visual Studio 15
VisualStudioVersion = 15.0.26730.12
MinimumVisualStudioVersion = 10.0.40219.1
Project("{2150E333-8FDC-42A3-9474-1A3956D46DE8}") = "Client", "Client", "{C8C1F9F0-4DBD-48DF-9BFA-B7C50E4DE2F2}"
EndProject
Project("{FAE04EC0-301F-11D3-BF4B-00C04F79EFBC}") = "GreenOneBlobStorageApp", "Client\GreenOneBlobStorageApp\GreenOneBlobStorageApp.csproj", "{223CEE60-09D9-49E2-912B-772489C20F4F}"
EndProject
Project("{2150E333-8FDC-42A3-9474-1A3956D46DE8}") = "Common", "Common", "{7D15FF67-0128-48DA-A79B-61FD3080923B}"
EndProject
Project("{FAE04EC0-301F-11D3-BF4B-00C04F79EFBC}") = "GreenOneBlobStorage.Common", "Common\GreenOneBlobStorage.Common\GreenOneBlobStorage.Common.csproj", "{D4E6C9F1-5695-43DD-8317-1CFF6985EFCA}"
EndProject
Global
	GlobalSection(SolutionConfigurationPlatforms) = preSolution
		Debug|Any CPU = Debug|Any CPU
		Release|Any CPU = Release|Any CPU
	EndGlobalSection
	GlobalSection(ProjectConfigurationPlatforms) = postSolution
		{223CEE60-09D9-49E2-912B-772489C20F4F}.Debug|Any CPU.ActiveCfg = Debug|Any CPU
		{223CEE60-09D9-49E2-912B-772489C20F4F}.Debug|Any CPU.Build.0 = Debug|Any CPU
		{223CEE60-09D9-49E2-912B-772489C20F4F}.Release|Any CPU.ActiveCfg = Release|Any CPU
		{223CEE60-09D9-49E2-912B-772489C20F4F}.Release|Any CPU.Build.0 = Release|Any CPU
		{D4E6C9F1-5695-43DD-8317-1CFF6985EFCA}.Debug|Any CPU.ActiveCfg = Debug|Any CPU
		{D4E6C9F1-5695-43DD-8317-1CFF6985EFCA}.Debug|Any CPU.Build.0 = Debug|Any CPU
		{D4E6C9F1-5695-43DD-8317-1CFF6985EFCA}.Release|Any CPU.ActiveCfg = Release|Any CPU
		{D4E6C9F1-5695-43DD-8317-1CFF6985EFCA}.Release|Any CPU.Build.0 = Release|Any CPU
	EndGlobalSection
	GlobalSection(SolutionProperties) = preSolution
		HideSolutionNode = FALSE
	EndGlobalSection
	GlobalSection(NestedProjects) = preSolution
		{223CEE60-09D9-49E2-912B-772489C20F4F} = {C8C1F9F0-4DBD-48DF-9BFA-B7C50E4DE2F2}
		{D4E6C9F1-5695-43DD-8317-1CFF6985EFCA} = {7D15FF67-0128-48DA-A79B-61FD3080923B}
	EndGlobalSection
	GlobalSection(ExtensibilityGlobals) = postSolution
		SolutionGuid = {F5B405D5-9BDE-404E-A6DC-F75DCD45459F}
	EndGlobalSection
EndGlobal
